// !$*UTF8*$!
{
	archiveVersion = 1;
	classes = {
	};
	objectVersion = 77;
	objects = {

/* Begin PBXBuildFile section */
		79F447DB2D56766C000445CB /* Hero in Frameworks */ = {isa = PBXBuildFile; productRef = 79F447DA2D56766C000445CB /* Hero */; };
		79F447ED2D567BAB000445CB /* Lottie in Frameworks */ = {isa = PBXBuildFile; productRef = 79F447EC2D567BAB000445CB /* Lottie */; };
		79F448022D57A739000445CB /* SnapKit in Frameworks */ = {isa = PBXBuildFile; productRef = 79F448012D57A739000445CB /* SnapKit */; };
/* End PBXBuildFile section */

/* Begin PBXContainerItemProxy section */
		79F447BC2D5675E7000445CB /* PBXContainerItemProxy */ = {
			isa = PBXContainerItemProxy;
			containerPortal = 79F4479D2D5675E6000445CB /* Project object */;
			proxyType = 1;
			remoteGlobalIDString = 79F447A42D5675E6000445CB;
			remoteInfo = "User List App";
		};
		79F447C62D5675E7000445CB /* PBXContainerItemProxy */ = {
			isa = PBXContainerItemProxy;
			containerPortal = 79F4479D2D5675E6000445CB /* Project object */;
			proxyType = 1;
			remoteGlobalIDString = 79F447A42D5675E6000445CB;
			remoteInfo = "User List App";
		};
/* End PBXContainerItemProxy section */

/* Begin PBXFileReference section */
		79F447A52D5675E6000445CB /* User List App.app */ = {isa = PBXFileReference; explicitFileType = wrapper.application; includeInIndex = 0; path = "User List App.app"; sourceTree = BUILT_PRODUCTS_DIR; };
		79F447BB2D5675E7000445CB /* User List AppTests.xctest */ = {isa = PBXFileReference; explicitFileType = wrapper.cfbundle; includeInIndex = 0; path = "User List AppTests.xctest"; sourceTree = BUILT_PRODUCTS_DIR; };
		79F447C52D5675E7000445CB /* User List AppUITests.xctest */ = {isa = PBXFileReference; explicitFileType = wrapper.cfbundle; includeInIndex = 0; path = "User List AppUITests.xctest"; sourceTree = BUILT_PRODUCTS_DIR; };
/* End PBXFileReference section */

/* Begin PBXFileSystemSynchronizedBuildFileExceptionSet section */
		79F447CD2D5675E7000445CB /* Exceptions for "User List App" folder in "User List App" target */ = {
			isa = PBXFileSystemSynchronizedBuildFileExceptionSet;
			membershipExceptions = (
				Info.plist,
			);
			target = 79F447A42D5675E6000445CB /* User List App */;
		};
/* End PBXFileSystemSynchronizedBuildFileExceptionSet section */

/* Begin PBXFileSystemSynchronizedRootGroup section */
		79F447A72D5675E6000445CB /* User List App */ = {
			isa = PBXFileSystemSynchronizedRootGroup;
			exceptions = (
				79F447CD2D5675E7000445CB /* Exceptions for "User List App" folder in "User List App" target */,
			);
			path = "User List App";
			sourceTree = "<group>";
		};
		79F447BE2D5675E7000445CB /* User List AppTests */ = {
			isa = PBXFileSystemSynchronizedRootGroup;
			path = "User List AppTests";
			sourceTree = "<group>";
		};
		79F447C82D5675E7000445CB /* User List AppUITests */ = {
			isa = PBXFileSystemSynchronizedRootGroup;
			path = "User List AppUITests";
			sourceTree = "<group>";
		};
/* End PBXFileSystemSynchronizedRootGroup section */

/* Begin PBXFrameworksBuildPhase section */
		79F447A22D5675E6000445CB /* Frameworks */ = {
			isa = PBXFrameworksBuildPhase;
			buildActionMask = 2147483647;
			files = (
				79F448022D57A739000445CB /* SnapKit in Frameworks */,
				79F447DB2D56766C000445CB /* Hero in Frameworks */,
				79F447ED2D567BAB000445CB /* Lottie in Frameworks */,
			);
			runOnlyForDeploymentPostprocessing = 0;
		};
		79F447B82D5675E7000445CB /* Frameworks */ = {
			isa = PBXFrameworksBuildPhase;
			buildActionMask = 2147483647;
			files = (
			);
			runOnlyForDeploymentPostprocessing = 0;
		};
		79F447C22D5675E7000445CB /* Frameworks */ = {
			isa = PBXFrameworksBuildPhase;
			buildActionMask = 2147483647;
			files = (
			);
			runOnlyForDeploymentPostprocessing = 0;
		};
/* End PBXFrameworksBuildPhase section */

/* Begin PBXGroup section */
		79F4479C2D5675E6000445CB = {
			isa = PBXGroup;
			children = (
				79F447A72D5675E6000445CB /* User List App */,
				79F447BE2D5675E7000445CB /* User List AppTests */,
				79F447C82D5675E7000445CB /* User List AppUITests */,
				79F447A62D5675E6000445CB /* Products */,
			);
			sourceTree = "<group>";
		};
		79F447A62D5675E6000445CB /* Products */ = {
			isa = PBXGroup;
			children = (
				79F447A52D5675E6000445CB /* User List App.app */,
				79F447BB2D5675E7000445CB /* User List AppTests.xctest */,
				79F447C52D5675E7000445CB /* User List AppUITests.xctest */,
			);
			name = Products;
			sourceTree = "<group>";
		};
/* End PBXGroup section */

/* Begin PBXNativeTarget section */
		79F447A42D5675E6000445CB /* User List App */ = {
			isa = PBXNativeTarget;
			buildConfigurationList = 79F447CE2D5675E7000445CB /* Build configuration list for PBXNativeTarget "User List App" */;
			buildPhases = (
				79F447A12D5675E6000445CB /* Sources */,
				79F447A22D5675E6000445CB /* Frameworks */,
				79F447A32D5675E6000445CB /* Resources */,
			);
			buildRules = (
			);
			dependencies = (
			);
			fileSystemSynchronizedGroups = (
				79F447A72D5675E6000445CB /* User List App */,
			);
			name = "User List App";
			packageProductDependencies = (
				79F447DA2D56766C000445CB /* Hero */,
				79F447EC2D567BAB000445CB /* Lottie */,
				79F448012D57A739000445CB /* SnapKit */,
			);
			productName = "User List App";
			productReference = 79F447A52D5675E6000445CB /* User List App.app */;
			productType = "com.apple.product-type.application";
		};
		79F447BA2D5675E7000445CB /* User List AppTests */ = {
			isa = PBXNativeTarget;
			buildConfigurationList = 79F447D32D5675E7000445CB /* Build configuration list for PBXNativeTarget "User List AppTests" */;
			buildPhases = (
				79F447B72D5675E7000445CB /* Sources */,
				79F447B82D5675E7000445CB /* Frameworks */,
				79F447B92D5675E7000445CB /* Resources */,
			);
			buildRules = (
			);
			dependencies = (
				79F447BD2D5675E7000445CB /* PBXTargetDependency */,
			);
			fileSystemSynchronizedGroups = (
				79F447BE2D5675E7000445CB /* User List AppTests */,
			);
			name = "User List AppTests";
			packageProductDependencies = (
			);
			productName = "User List AppTests";
			productReference = 79F447BB2D5675E7000445CB /* User List AppTests.xctest */;
			productType = "com.apple.product-type.bundle.unit-test";
		};
		79F447C42D5675E7000445CB /* User List AppUITests */ = {
			isa = PBXNativeTarget;
			buildConfigurationList = 79F447D62D5675E7000445CB /* Build configuration list for PBXNativeTarget "User List AppUITests" */;
			buildPhases = (
				79F447C12D5675E7000445CB /* Sources */,
				79F447C22D5675E7000445CB /* Frameworks */,
				79F447C32D5675E7000445CB /* Resources */,
			);
			buildRules = (
			);
			dependencies = (
				79F447C72D5675E7000445CB /* PBXTargetDependency */,
			);
			fileSystemSynchronizedGroups = (
				79F447C82D5675E7000445CB /* User List AppUITests */,
			);
			name = "User List AppUITests";
			packageProductDependencies = (
			);
			productName = "User List AppUITests";
			productReference = 79F447C52D5675E7000445CB /* User List AppUITests.xctest */;
			productType = "com.apple.product-type.bundle.ui-testing";
		};
/* End PBXNativeTarget section */

/* Begin PBXProject section */
		79F4479D2D5675E6000445CB /* Project object */ = {
			isa = PBXProject;
			attributes = {
				BuildIndependentTargetsInParallel = 1;
				LastSwiftUpdateCheck = 1620;
				LastUpgradeCheck = 1620;
				TargetAttributes = {
					79F447A42D5675E6000445CB = {
						CreatedOnToolsVersion = 16.2;
					};
					79F447BA2D5675E7000445CB = {
						CreatedOnToolsVersion = 16.2;
						TestTargetID = 79F447A42D5675E6000445CB;
					};
					79F447C42D5675E7000445CB = {
						CreatedOnToolsVersion = 16.2;
						TestTargetID = 79F447A42D5675E6000445CB;
					};
				};
			};
			buildConfigurationList = 79F447A02D5675E6000445CB /* Build configuration list for PBXProject "User List App" */;
			developmentRegion = en;
			hasScannedForEncodings = 0;
			knownRegions = (
				en,
				Base,
			);
			mainGroup = 79F4479C2D5675E6000445CB;
			minimizedProjectReferenceProxies = 1;
			packageReferences = (
				79F447D92D56766C000445CB /* XCRemoteSwiftPackageReference "Hero" */,
				79F447EB2D567BAB000445CB /* XCRemoteSwiftPackageReference "lottie-spm" */,
				79F448002D57A739000445CB /* XCRemoteSwiftPackageReference "SnapKit" */,
			);
			preferredProjectObjectVersion = 77;
			productRefGroup = 79F447A62D5675E6000445CB /* Products */;
			projectDirPath = "";
			projectRoot = "";
			targets = (
				79F447A42D5675E6000445CB /* User List App */,
				79F447BA2D5675E7000445CB /* User List AppTests */,
				79F447C42D5675E7000445CB /* User List AppUITests */,
			);
		};
/* End PBXProject section */

/* Begin PBXResourcesBuildPhase section */
		79F447A32D5675E6000445CB /* Resources */ = {
			isa = PBXResourcesBuildPhase;
			buildActionMask = 2147483647;
			files = (
			);
			runOnlyForDeploymentPostprocessing = 0;
		};
		79F447B92D5675E7000445CB /* Resources */ = {
			isa = PBXResourcesBuildPhase;
			buildActionMask = 2147483647;
			files = (
			);
			runOnlyForDeploymentPostprocessing = 0;
		};
		79F447C32D5675E7000445CB /* Resources */ = {
			isa = PBXResourcesBuildPhase;
			buildActionMask = 2147483647;
			files = (
			);
			runOnlyForDeploymentPostprocessing = 0;
		};
/* End PBXResourcesBuildPhase section */

/* Begin PBXSourcesBuildPhase section */
		79F447A12D5675E6000445CB /* Sources */ = {
			isa = PBXSourcesBuildPhase;
			buildActionMask = 2147483647;
			files = (
			);
			runOnlyForDeploymentPostprocessing = 0;
		};
		79F447B72D5675E7000445CB /* Sources */ = {
			isa = PBXSourcesBuildPhase;
			buildActionMask = 2147483647;
			files = (
			);
			runOnlyForDeploymentPostprocessing = 0;
		};
		79F447C12D5675E7000445CB /* Sources */ = {
			isa = PBXSourcesBuildPhase;
			buildActionMask = 2147483647;
			files = (
			);
			runOnlyForDeploymentPostprocessing = 0;
		};
/* End PBXSourcesBuildPhase section */

/* Begin PBXTargetDependency section */
		79F447BD2D5675E7000445CB /* PBXTargetDependency */ = {
			isa = PBXTargetDependency;
			target = 79F447A42D5675E6000445CB /* User List App */;
			targetProxy = 79F447BC2D5675E7000445CB /* PBXContainerItemProxy */;
		};
		79F447C72D5675E7000445CB /* PBXTargetDependency */ = {
			isa = PBXTargetDependency;
			target = 79F447A42D5675E6000445CB /* User List App */;
			targetProxy = 79F447C62D5675E7000445CB /* PBXContainerItemProxy */;
		};
/* End PBXTargetDependency section */

/* Begin XCBuildConfiguration section */
		79F447CF2D5675E7000445CB /* Debug */ = {
			isa = XCBuildConfiguration;
			buildSettings = {
				ASSETCATALOG_COMPILER_APPICON_NAME = AppIcon;
				ASSETCATALOG_COMPILER_GLOBAL_ACCENT_COLOR_NAME = AccentColor;
				CODE_SIGN_STYLE = Automatic;
				CURRENT_PROJECT_VERSION = 1;
				GENERATE_INFOPLIST_FILE = YES;
				INFOPLIST_FILE = "User List App/Info.plist";
				INFOPLIST_KEY_UIApplicationSupportsIndirectInputEvents = YES;
				INFOPLIST_KEY_UILaunchStoryboardName = LaunchScreen;
				INFOPLIST_KEY_UISupportedInterfaceOrientations_iPad = "UIInterfaceOrientationPortrait UIInterfaceOrientationPortraitUpsideDown UIInterfaceOrientationLandscapeLeft UIInterfaceOrientationLandscapeRight";
				INFOPLIST_KEY_UISupportedInterfaceOrientations_iPhone = "UIInterfaceOrientationPortrait UIInterfaceOrientationLandscapeLeft UIInterfaceOrientationLandscapeRight";
				LD_RUNPATH_SEARCH_PATHS = (
					"$(inherited)",
					"@executable_path/Frameworks",
				);
				MARKETING_VERSION = 1.0;
				PRODUCT_BUNDLE_IDENTIFIER = "userlist.User-List-App";
				PRODUCT_NAME = "$(TARGET_NAME)";
				SWIFT_EMIT_LOC_STRINGS = YES;
				SWIFT_VERSION = 5.0;
				TARGETED_DEVICE_FAMILY = "1,2";
			};
			name = Debug;
		};
		79F447D02D5675E7000445CB /* Release */ = {
			isa = XCBuildConfiguration;
			buildSettings = {
				ASSETCATALOG_COMPILER_APPICON_NAME = AppIcon;
				ASSETCATALOG_COMPILER_GLOBAL_ACCENT_COLOR_NAME = AccentColor;
				CODE_SIGN_STYLE = Automatic;
				CURRENT_PROJECT_VERSION = 1;
				GENERATE_INFOPLIST_FILE = YES;
				INFOPLIST_FILE = "User List App/Info.plist";
				INFOPLIST_KEY_UIApplicationSupportsIndirectInputEvents = YES;
				INFOPLIST_KEY_UILaunchStoryboardName = LaunchScreen;
				INFOPLIST_KEY_UISupportedInterfaceOrientations_iPad = "UIInterfaceOrientationPortrait UIInterfaceOrientationPortraitUpsideDown UIInterfaceOrientationLandscapeLeft UIInterfaceOrientationLandscapeRight";
				INFOPLIST_KEY_UISupportedInterfaceOrientations_iPhone = "UIInterfaceOrientationPortrait UIInterfaceOrientationLandscapeLeft UIInterfaceOrientationLandscapeRight";
				LD_RUNPATH_SEARCH_PATHS = (
					"$(inherited)",
					"@executable_path/Frameworks",
				);
				MARKETING_VERSION = 1.0;
				PRODUCT_BUNDLE_IDENTIFIER = "userlist.User-List-App";
				PRODUCT_NAME = "$(TARGET_NAME)";
				SWIFT_EMIT_LOC_STRINGS = YES;
				SWIFT_VERSION = 5.0;
				TARGETED_DEVICE_FAMILY = "1,2";
			};
			name = Release;
		};
		79F447D12D5675E7000445CB /* Debug */ = {
			isa = XCBuildConfiguration;
			buildSettings = {
				ALWAYS_SEARCH_USER_PATHS = NO;
				ASSETCATALOG_COMPILER_GENERATE_SWIFT_ASSET_SYMBOL_EXTENSIONS = YES;
				CLANG_ANALYZER_NONNULL = YES;
				CLANG_ANALYZER_NUMBER_OBJECT_CONVERSION = YES_AGGRESSIVE;
				CLANG_CXX_LANGUAGE_STANDARD = "gnu++20";
				CLANG_ENABLE_MODULES = YES;
				CLANG_ENABLE_OBJC_ARC = YES;
				CLANG_ENABLE_OBJC_WEAK = YES;
				CLANG_WARN_BLOCK_CAPTURE_AUTORELEASING = YES;
				CLANG_WARN_BOOL_CONVERSION = YES;
				CLANG_WARN_COMMA = YES;
				CLANG_WARN_CONSTANT_CONVERSION = YES;
				CLANG_WARN_DEPRECATED_OBJC_IMPLEMENTATIONS = YES;
				CLANG_WARN_DIRECT_OBJC_ISA_USAGE = YES_ERROR;
				CLANG_WARN_DOCUMENTATION_COMMENTS = YES;
				CLANG_WARN_EMPTY_BODY = YES;
				CLANG_WARN_ENUM_CONVERSION = YES;
				CLANG_WARN_INFINITE_RECURSION = YES;
				CLANG_WARN_INT_CONVERSION = YES;
				CLANG_WARN_NON_LITERAL_NULL_CONVERSION = YES;
				CLANG_WARN_OBJC_IMPLICIT_RETAIN_SELF = YES;
				CLANG_WARN_OBJC_LITERAL_CONVERSION = YES;
				CLANG_WARN_OBJC_ROOT_CLASS = YES_ERROR;
				CLANG_WARN_QUOTED_INCLUDE_IN_FRAMEWORK_HEADER = YES;
				CLANG_WARN_RANGE_LOOP_ANALYSIS = YES;
				CLANG_WARN_STRICT_PROTOTYPES = YES;
				CLANG_WARN_SUSPICIOUS_MOVE = YES;
				CLANG_WARN_UNGUARDED_AVAILABILITY = YES_AGGRESSIVE;
				CLANG_WARN_UNREACHABLE_CODE = YES;
				CLANG_WARN__DUPLICATE_METHOD_MATCH = YES;
				COPY_PHASE_STRIP = NO;
				DEBUG_INFORMATION_FORMAT = dwarf;
				ENABLE_STRICT_OBJC_MSGSEND = YES;
				ENABLE_TESTABILITY = YES;
				ENABLE_USER_SCRIPT_SANDBOXING = YES;
				GCC_C_LANGUAGE_STANDARD = gnu17;
				GCC_DYNAMIC_NO_PIC = NO;
				GCC_NO_COMMON_BLOCKS = YES;
				GCC_OPTIMIZATION_LEVEL = 0;
				GCC_PREPROCESSOR_DEFINITIONS = (
					"DEBUG=1",
					"$(inherited)",
				);
				GCC_WARN_64_TO_32_BIT_CONVERSION = YES;
				GCC_WARN_ABOUT_RETURN_TYPE = YES_ERROR;
				GCC_WARN_UNDECLARED_SELECTOR = YES;
				GCC_WARN_UNINITIALIZED_AUTOS = YES_AGGRESSIVE;
				GCC_WARN_UNUSED_FUNCTION = YES;
				GCC_WARN_UNUSED_VARIABLE = YES;
				IPHONEOS_DEPLOYMENT_TARGET = 18.2;
				LOCALIZATION_PREFERS_STRING_CATALOGS = YES;
				MTL_ENABLE_DEBUG_INFO = INCLUDE_SOURCE;
				MTL_FAST_MATH = YES;
				ONLY_ACTIVE_ARCH = YES;
				SDKROOT = iphoneos;
				SWIFT_ACTIVE_COMPILATION_CONDITIONS = "DEBUG $(inherited)";
				SWIFT_OPTIMIZATION_LEVEL = "-Onone";
			};
			name = Debug;
		};
		79F447D22D5675E7000445CB /* Release */ = {
			isa = XCBuildConfiguration;
			buildSettings = {
				ALWAYS_SEARCH_USER_PATHS = NO;
				ASSETCATALOG_COMPILER_GENERATE_SWIFT_ASSET_SYMBOL_EXTENSIONS = YES;
				CLANG_ANALYZER_NONNULL = YES;
				CLANG_ANALYZER_NUMBER_OBJECT_CONVERSION = YES_AGGRESSIVE;
				CLANG_CXX_LANGUAGE_STANDARD = "gnu++20";
				CLANG_ENABLE_MODULES = YES;
				CLANG_ENABLE_OBJC_ARC = YES;
				CLANG_ENABLE_OBJC_WEAK = YES;
				CLANG_WARN_BLOCK_CAPTURE_AUTORELEASING = YES;
				CLANG_WARN_BOOL_CONVERSION = YES;
				CLANG_WARN_COMMA = YES;
				CLANG_WARN_CONSTANT_CONVERSION = YES;
				CLANG_WARN_DEPRECATED_OBJC_IMPLEMENTATIONS = YES;
				CLANG_WARN_DIRECT_OBJC_ISA_USAGE = YES_ERROR;
				CLANG_WARN_DOCUMENTATION_COMMENTS = YES;
				CLANG_WARN_EMPTY_BODY = YES;
				CLANG_WARN_ENUM_CONVERSION = YES;
				CLANG_WARN_INFINITE_RECURSION = YES;
				CLANG_WARN_INT_CONVERSION = YES;
				CLANG_WARN_NON_LITERAL_NULL_CONVERSION = YES;
				CLANG_WARN_OBJC_IMPLICIT_RETAIN_SELF = YES;
				CLANG_WARN_OBJC_LITERAL_CONVERSION = YES;
				CLANG_WARN_OBJC_ROOT_CLASS = YES_ERROR;
				CLANG_WARN_QUOTED_INCLUDE_IN_FRAMEWORK_HEADER = YES;
				CLANG_WARN_RANGE_LOOP_ANALYSIS = YES;
				CLANG_WARN_STRICT_PROTOTYPES = YES;
				CLANG_WARN_SUSPICIOUS_MOVE = YES;
				CLANG_WARN_UNGUARDED_AVAILABILITY = YES_AGGRESSIVE;
				CLANG_WARN_UNREACHABLE_CODE = YES;
				CLANG_WARN__DUPLICATE_METHOD_MATCH = YES;
				COPY_PHASE_STRIP = NO;
				DEBUG_INFORMATION_FORMAT = "dwarf-with-dsym";
				ENABLE_NS_ASSERTIONS = NO;
				ENABLE_STRICT_OBJC_MSGSEND = YES;
				ENABLE_USER_SCRIPT_SANDBOXING = YES;
				GCC_C_LANGUAGE_STANDARD = gnu17;
				GCC_NO_COMMON_BLOCKS = YES;
				GCC_WARN_64_TO_32_BIT_CONVERSION = YES;
				GCC_WARN_ABOUT_RETURN_TYPE = YES_ERROR;
				GCC_WARN_UNDECLARED_SELECTOR = YES;
				GCC_WARN_UNINITIALIZED_AUTOS = YES_AGGRESSIVE;
				GCC_WARN_UNUSED_FUNCTION = YES;
				GCC_WARN_UNUSED_VARIABLE = YES;
				IPHONEOS_DEPLOYMENT_TARGET = 18.2;
				LOCALIZATION_PREFERS_STRING_CATALOGS = YES;
				MTL_ENABLE_DEBUG_INFO = NO;
				MTL_FAST_MATH = YES;
				SDKROOT = iphoneos;
				SWIFT_COMPILATION_MODE = wholemodule;
				VALIDATE_PRODUCT = YES;
			};
			name = Release;
		};
		79F447D42D5675E7000445CB /* Debug */ = {
			isa = XCBuildConfiguration;
			buildSettings = {
				BUNDLE_LOADER = "$(TEST_HOST)";
				CODE_SIGN_STYLE = Automatic;
				CURRENT_PROJECT_VERSION = 1;
				GENERATE_INFOPLIST_FILE = YES;
				IPHONEOS_DEPLOYMENT_TARGET = 18.2;
				MARKETING_VERSION = 1.0;
				PRODUCT_BUNDLE_IDENTIFIER = "userlist.User-List-AppTests";
				PRODUCT_NAME = "$(TARGET_NAME)";
				SWIFT_EMIT_LOC_STRINGS = NO;
				SWIFT_VERSION = 5.0;
				TARGETED_DEVICE_FAMILY = "1,2";
				TEST_HOST = "$(BUILT_PRODUCTS_DIR)/User List App.app/$(BUNDLE_EXECUTABLE_FOLDER_PATH)/User List App";
			};
			name = Debug;
		};
		79F447D52D5675E7000445CB /* Release */ = {
			isa = XCBuildConfiguration;
			buildSettings = {
				BUNDLE_LOADER = "$(TEST_HOST)";
				CODE_SIGN_STYLE = Automatic;
				CURRENT_PROJECT_VERSION = 1;
				GENERATE_INFOPLIST_FILE = YES;
				IPHONEOS_DEPLOYMENT_TARGET = 18.2;
				MARKETING_VERSION = 1.0;
				PRODUCT_BUNDLE_IDENTIFIER = "userlist.User-List-AppTests";
				PRODUCT_NAME = "$(TARGET_NAME)";
				SWIFT_EMIT_LOC_STRINGS = NO;
				SWIFT_VERSION = 5.0;
				TARGETED_DEVICE_FAMILY = "1,2";
				TEST_HOST = "$(BUILT_PRODUCTS_DIR)/User List App.app/$(BUNDLE_EXECUTABLE_FOLDER_PATH)/User List App";
			};
			name = Release;
		};
		79F447D72D5675E7000445CB /* Debug */ = {
			isa = XCBuildConfiguration;
			buildSettings = {
				CODE_SIGN_STYLE = Automatic;
				CURRENT_PROJECT_VERSION = 1;
				GENERATE_INFOPLIST_FILE = YES;
				MARKETING_VERSION = 1.0;
				PRODUCT_BUNDLE_IDENTIFIER = "userlist.User-List-AppUITests";
				PRODUCT_NAME = "$(TARGET_NAME)";
				SWIFT_EMIT_LOC_STRINGS = NO;
				SWIFT_VERSION = 5.0;
				TARGETED_DEVICE_FAMILY = "1,2";
				TEST_TARGET_NAME = "User List App";
			};
			name = Debug;
		};
		79F447D82D5675E7000445CB /* Release */ = {
			isa = XCBuildConfiguration;
			buildSettings = {
				CODE_SIGN_STYLE = Automatic;
				CURRENT_PROJECT_VERSION = 1;
				GENERATE_INFOPLIST_FILE = YES;
				MARKETING_VERSION = 1.0;
				PRODUCT_BUNDLE_IDENTIFIER = "userlist.User-List-AppUITests";
				PRODUCT_NAME = "$(TARGET_NAME)";
				SWIFT_EMIT_LOC_STRINGS = NO;
				SWIFT_VERSION = 5.0;
				TARGETED_DEVICE_FAMILY = "1,2";
				TEST_TARGET_NAME = "User List App";
			};
			name = Release;
		};
/* End XCBuildConfiguration section */

/* Begin XCConfigurationList section */
		79F447A02D5675E6000445CB /* Build configuration list for PBXProject "User List App" */ = {
			isa = XCConfigurationList;
			buildConfigurations = (
				79F447D12D5675E7000445CB /* Debug */,
				79F447D22D5675E7000445CB /* Release */,
			);
			defaultConfigurationIsVisible = 0;
			defaultConfigurationName = Release;
		};
		79F447CE2D5675E7000445CB /* Build configuration list for PBXNativeTarget "User List App" */ = {
			isa = XCConfigurationList;
			buildConfigurations = (
				79F447CF2D5675E7000445CB /* Debug */,
				79F447D02D5675E7000445CB /* Release */,
			);
			defaultConfigurationIsVisible = 0;
			defaultConfigurationName = Release;
		};
		79F447D32D5675E7000445CB /* Build configuration list for PBXNativeTarget "User List AppTests" */ = {
			isa = XCConfigurationList;
			buildConfigurations = (
				79F447D42D5675E7000445CB /* Debug */,
				79F447D52D5675E7000445CB /* Release */,
			);
			defaultConfigurationIsVisible = 0;
			defaultConfigurationName = Release;
		};
		79F447D62D5675E7000445CB /* Build configuration list for PBXNativeTarget "User List AppUITests" */ = {
			isa = XCConfigurationList;
			buildConfigurations = (
				79F447D72D5675E7000445CB /* Debug */,
				79F447D82D5675E7000445CB /* Release */,
			);
			defaultConfigurationIsVisible = 0;
			defaultConfigurationName = Release;
		};
/* End XCConfigurationList section */

/* Begin XCRemoteSwiftPackageReference section */
		79F447D92D56766C000445CB /* XCRemoteSwiftPackageReference "Hero" */ = {
			isa = XCRemoteSwiftPackageReference;
			repositoryURL = "https://github.com/HeroTransitions/Hero";
			requirement = {
				kind = upToNextMajorVersion;
				minimumVersion = 1.6.4;
			};
		};
		79F447EB2D567BAB000445CB /* XCRemoteSwiftPackageReference "lottie-spm" */ = {
			isa = XCRemoteSwiftPackageReference;
			repositoryURL = "https://github.com/airbnb/lottie-spm.git";
			requirement = {
				kind = upToNextMajorVersion;
				minimumVersion = 4.5.1;
			};
		};
		79F448002D57A739000445CB /* XCRemoteSwiftPackageReference "SnapKit" */ = {
			isa = XCRemoteSwiftPackageReference;
			repositoryURL = "https://github.com/SnapKit/SnapKit.git";
			requirement = {
				kind = upToNextMajorVersion;
				minimumVersion = 5.7.1;
			};
		};
/* End XCRemoteSwiftPackageReference section */

/* Begin XCSwiftPackageProductDependency section */
		79F447DA2D56766C000445CB /* Hero */ = {
			isa = XCSwiftPackageProductDependency;
			package = 79F447D92D56766C000445CB /* XCRemoteSwiftPackageReference "Hero" */;
			productName = Hero;
		};
		79F447EC2D567BAB000445CB /* Lottie */ = {
			isa = XCSwiftPackageProductDependency;
			package = 79F447EB2D567BAB000445CB /* XCRemoteSwiftPackageReference "lottie-spm" */;
			productName = Lottie;
		};
		79F448012D57A739000445CB /* SnapKit */ = {
			isa = XCSwiftPackageProductDependency;
			package = 79F448002D57A739000445CB /* XCRemoteSwiftPackageReference "SnapKit" */;
			productName = SnapKit;
		};
/* End XCSwiftPackageProductDependency section */
	};
	rootObject = 79F4479D2D5675E6000445CB /* Project object */;
}
